
Microsoft Visual Studio Solution File, Format Version 12.00
# Visual Studio Version 17
VisualStudioVersion = 17.4.33110.190
MinimumVisualStudioVersion = 10.0.40219.1
Project("{FAE04EC0-301F-11D3-BF4B-00C04F79EFBC}") = "goboot-csharp-client", "goboot-csharp-client.csproj", "{B519A851-2B4A-4E34-AEED-06A32E02E928}"
EndProject
Global
	GlobalSection(SolutionConfigurationPlatforms) = preSolution
		Debug|Any CPU = Debug|Any CPU
		Release|Any CPU = Release|Any CPU
	EndGlobalSection
	GlobalSection(ProjectConfigurationPlatforms) = postSolution
		{B519A851-2B4A-4E34-AEED-06A32E02E928}.Debug|Any CPU.ActiveCfg = Debug|Any CPU
		{B519A851-2B4A-4E34-AEED-06A32E02E928}.Debug|Any CPU.Build.0 = Debug|Any CPU
		{B519A851-2B4A-4E34-AEED-06A32E02E928}.Release|Any CPU.ActiveCfg = Release|Any CPU
		{B519A851-2B4A-4E34-AEED-06A32E02E928}.Release|Any CPU.Build.0 = Release|Any CPU
	EndGlobalSection
	GlobalSection(SolutionProperties) = preSolution
		HideSolutionNode = FALSE
	EndGlobalSection
	GlobalSection(ExtensibilityGlobals) = postSolution
		SolutionGuid = {52D9C1BF-C6CF-42AC-96A0-B49064F3BF9A}
	EndGlobalSection
EndGlobal
